{
  "requires": true,
  "lockfileVersion": 1,
  "dependencies": {
    "@angular/common": {
      "version": "7.2.1",
      "resolved": "https://registry.npmjs.org/@angular/common/-/common-7.2.1.tgz",
      "integrity": "sha512-lYf3MeVMz69EriS5ANFY5PerJK0i4xHp/Jy67reb8ydZ+sfW320PUMuFtx3bZvk9PD7NdL3QZvXmla/ogrltTQ==",
      "requires": {
        "tslib": "^1.9.0"
      },
      "dependencies": {
        "tslib": {
          "version": "1.13.0",
          "resolved": "https://registry.npmjs.org/tslib/-/tslib-1.13.0.tgz",
          "integrity": "sha512-i/6DQjL8Xf3be4K/E6Wgpekn5Qasl1usyw++dAA35Ue5orEn65VIxOA+YvNNl9HV3qv70T7CNwjODHZrLwvd1Q=="
        }
      }
    },
    "@angular/compiler": {
      "version": "7.2.1",
      "resolved": "https://registry.npmjs.org/@angular/compiler/-/compiler-7.2.1.tgz",
      "integrity": "sha512-wf9w882hNoRaTDRqkEvQxV7nGB3liTX/LWEMunmm/Yz0nWkvgErR9pIHv3Sm4Ox0hyG3GdMpcVBzQ8qPomGOag==",
      "requires": {
        "tslib": "^1.9.0"
      },
      "dependencies": {
        "tslib": {
          "version": "1.13.0",
          "resolved": "https://registry.npmjs.org/tslib/-/tslib-1.13.0.tgz",
          "integrity": "sha512-i/6DQjL8Xf3be4K/E6Wgpekn5Qasl1usyw++dAA35Ue5orEn65VIxOA+YvNNl9HV3qv70T7CNwjODHZrLwvd1Q=="
        }
      }
    },
    "@angular/core": {
      "version": "7.2.1",
      "resolved": "https://registry.npmjs.org/@angular/core/-/core-7.2.1.tgz",
      "integrity": "sha512-FYNAf4chxBoIVGCW2+fwR2MB2Ur5v1aG9L6zCcMXlZLbR64bu5j2m4e70RhXk/VptKvYWJ45od3xE5KfcaeEig==",
      "requires": {
        "tslib": "^1.9.0"
      },
      "dependencies": {
        "tslib": {
          "version": "1.13.0",
          "resolved": "https://registry.npmjs.org/tslib/-/tslib-1.13.0.tgz",
          "integrity": "sha512-i/6DQjL8Xf3be4K/E6Wgpekn5Qasl1usyw++dAA35Ue5orEn65VIxOA+YvNNl9HV3qv70T7CNwjODHZrLwvd1Q=="
        }
      }
    },
    "@angular/forms": {
      "version": "7.2.1",
      "resolved": "https://registry.npmjs.org/@angular/forms/-/forms-7.2.1.tgz",
      "integrity": "sha512-MxinNUvl02UfpY9gJtbTU6Mdt9fjIJYOGskcpwm+5u9jiMeRvOnG94ySoNrygg3EWwScX+P0mM4KN6fJWau7gQ==",
      "requires": {
        "tslib": "^1.9.0"
      },
      "dependencies": {
        "tslib": {
          "version": "1.13.0",
          "resolved": "https://registry.npmjs.org/tslib/-/tslib-1.13.0.tgz",
          "integrity": "sha512-i/6DQjL8Xf3be4K/E6Wgpekn5Qasl1usyw++dAA35Ue5orEn65VIxOA+YvNNl9HV3qv70T7CNwjODHZrLwvd1Q=="
        }
      }
    },
    "@angular/http": {
      "version": "7.2.1",
      "resolved": "https://registry.npmjs.org/@angular/http/-/http-7.2.1.tgz",
      "integrity": "sha512-3xfdN2bmCbzATwRGUEZQVkGn3IN6tMX/whLWGWgcEV3CENJqTUjfjn1+nSHASQLUnmOr5T7yTiWK5P7bDrHYzw==",
      "requires": {
        "tslib": "^1.9.0"
      },
      "dependencies": {
        "tslib": {
          "version": "1.13.0",
          "resolved": "https://registry.npmjs.org/tslib/-/tslib-1.13.0.tgz",
          "integrity": "sha512-i/6DQjL8Xf3be4K/E6Wgpekn5Qasl1usyw++dAA35Ue5orEn65VIxOA+YvNNl9HV3qv70T7CNwjODHZrLwvd1Q=="
        }
      }
    },
    "@angular/platform-browser": {
      "version": "7.2.1",
      "resolved": "https://registry.npmjs.org/@angular/platform-browser/-/platform-browser-7.2.1.tgz",
      "integrity": "sha512-/6uHdFLmRkrkeOo+TzScrLG2YydG8kBNyT6ZpSOBf+bmB5DHyIGd55gh/tQJteKrnyadxRhqWCLBTYAbVX9Pnw==",
      "requires": {
        "tslib": "^1.9.0"
      },
      "dependencies": {
        "tslib": {
          "version": "1.13.0",
          "resolved": "https://registry.npmjs.org/tslib/-/tslib-1.13.0.tgz",
          "integrity": "sha512-i/6DQjL8Xf3be4K/E6Wgpekn5Qasl1usyw++dAA35Ue5orEn65VIxOA+YvNNl9HV3qv70T7CNwjODHZrLwvd1Q=="
        }
      }
    },
    "@angular/platform-browser-dynamic": {
      "version": "7.2.1",
      "resolved": "https://registry.npmjs.org/@angular/platform-browser-dynamic/-/platform-browser-dynamic-7.2.1.tgz",
      "integrity": "sha512-hrSkI7aESEkqYnu628Z/LvYNlUNMqIqkXYAkT3urxFdCw7UwNeZKrDmd9sRwK3gK3sC1VeD9pXtqaKmGsnBjOA==",
      "requires": {
        "tslib": "^1.9.0"
      },
      "dependencies": {
        "tslib": {
          "version": "1.13.0",
          "resolved": "https://registry.npmjs.org/tslib/-/tslib-1.13.0.tgz",
          "integrity": "sha512-i/6DQjL8Xf3be4K/E6Wgpekn5Qasl1usyw++dAA35Ue5orEn65VIxOA+YvNNl9HV3qv70T7CNwjODHZrLwvd1Q=="
        }
      }
    },
    "@angular/router": {
      "version": "7.2.1",
      "resolved": "https://registry.npmjs.org/@angular/router/-/router-7.2.1.tgz",
      "integrity": "sha512-3qMZnhFr6xx3dMy14rKwIw9ISTOZlsp9jAkthXVsfA2/thffScXHPBrH4SipkySLmOAtPmF5m5jscy8mx/1mJQ==",
      "requires": {
        "tslib": "^1.9.0"
      },
      "dependencies": {
        "tslib": {
          "version": "1.13.0",
          "resolved": "https://registry.npmjs.org/tslib/-/tslib-1.13.0.tgz",
          "integrity": "sha512-i/6DQjL8Xf3be4K/E6Wgpekn5Qasl1usyw++dAA35Ue5orEn65VIxOA+YvNNl9HV3qv70T7CNwjODHZrLwvd1Q=="
        }
      }
    },
    "core-js": {
      "version": "2.6.11",
      "resolved": "https://registry.npmjs.org/core-js/-/core-js-2.6.11.tgz",
      "integrity": "sha512-5wjnpaT/3dV+XB4borEsnAYQchn00XSgTAWKDkEqv+K8KevjbzmofK6hfJ9TZIlpj2N0xQpazy7PiRQiWHqzWg=="
    },
    "ng2-currency-mask": {
      "version": "9.0.2",
      "resolved": "https://registry.npmjs.org/ng2-currency-mask/-/ng2-currency-mask-9.0.2.tgz",
      "integrity": "sha512-ydtSTEqXR32mHsCElDvmSEywmN45Dam4aWUhoYJl3eEm9T6QWgA3DzHxNiFcur2kH94gomdvlQAB490CcObGMg=="
    },
    "ng2-money-mask": {
      "version": "2.1.0",
      "resolved": "https://registry.npmjs.org/ng2-money-mask/-/ng2-money-mask-2.1.0.tgz",
      "integrity": "sha512-gd5t9SiScMG1OnxuF5XllGv38cextBnxhh7iMxqf1HKOYF1XkxsvsBkEIygKgeE2SOL5bM2UzI4wRLHhmpgTrw==",
      "requires": {
        "@angular/common": "7.2.1",
        "@angular/compiler": "7.2.1",
        "@angular/core": "7.2.1",
        "@angular/forms": "7.2.1",
        "@angular/http": "7.2.1",
        "@angular/platform-browser": "7.2.1",
        "@angular/platform-browser-dynamic": "7.2.1",
        "@angular/router": "7.2.1",
        "core-js": "^2.6.2",
        "rxjs": "6.3.3",
        "ts-helpers": "1.1.2",
        "zone.js": "0.8.28"
      }
    },
    "ngx-currency": {
      "version": "2.5.1",
      "resolved": "https://registry.npmjs.org/ngx-currency/-/ngx-currency-2.5.1.tgz",
      "integrity": "sha512-gvVpDeAk5qfRxenUrDwEWHTU81qmsV4rKMqk+1SbJJcJzPkYV/fza0GoyE/0Gszw0Un3dMT+4KEUP2QI5Nbdog==",
      "requires": {
        "tslib": "^2.0.0"
      }
    },
    "rxjs": {
      "version": "6.3.3",
      "resolved": "https://registry.npmjs.org/rxjs/-/rxjs-6.3.3.tgz",
      "integrity": "sha512-JTWmoY9tWCs7zvIk/CvRjhjGaOd+OVBM987mxFo+OW66cGpdKjZcpmc74ES1sB//7Kl/PAe8+wEakuhG4pcgOw==",
      "requires": {
        "tslib": "^1.9.0"
      },
      "dependencies": {
        "tslib": {
          "version": "1.13.0",
          "resolved": "https://registry.npmjs.org/tslib/-/tslib-1.13.0.tgz",
          "integrity": "sha512-i/6DQjL8Xf3be4K/E6Wgpekn5Qasl1usyw++dAA35Ue5orEn65VIxOA+YvNNl9HV3qv70T7CNwjODHZrLwvd1Q=="
        }
      }
    },
    "ts-helpers": {
      "version": "1.1.2",
      "resolved": "https://registry.npmjs.org/ts-helpers/-/ts-helpers-1.1.2.tgz",
      "integrity": "sha1-/Gm+nx87rtAfsaDvjUz+dIgU2DU="
    },
    "tslib": {
      "version": "2.0.1",
      "resolved": "https://registry.npmjs.org/tslib/-/tslib-2.0.1.tgz",
      "integrity": "sha512-SgIkNheinmEBgx1IUNirK0TUD4X9yjjBRTqqjggWCU3pUEqIk3/Uwl3yRixYKT6WjQuGiwDv4NomL3wqRCj+CQ=="
    },
    "zone.js": {
      "version": "0.8.28",
      "resolved": "https://registry.npmjs.org/zone.js/-/zone.js-0.8.28.tgz",
      "integrity": "sha512-MjwlvV0wr65IQiT0WSHedo/zUhAqtypMdTUjqroV81RohGj1XANwHuC37dwYxphTRbZBYidk0gNS0dQrU2Q3Pw=="
    }
  }
}
